// This lockfile was autogenerated by Pants. To regenerate, run:
//
//    pants generate-lockfiles --resolve=python-default
//
// --- BEGIN PANTS LOCKFILE METADATA: DO NOT EDIT OR REMOVE ---
// {
//   "version": 3,
//   "valid_for_interpreter_constraints": [
//     "CPython==3.11.*"
//   ],
//   "generated_with_requirements": [
//     "cerberus>=1.3.5",
//     "pytest>=7.2.0",
//     "python-dateutil>=2.9.0",
//     "types-python-dateutil>=2.9.0.20240316"
//   ],
//   "manylinux": "manylinux2014",
//   "requirement_constraints": [],
//   "only_binary": [],
//   "no_binary": []
// }
// --- END PANTS LOCKFILE METADATA ---

{
  "allow_builds": true,
  "allow_prereleases": false,
  "allow_wheels": true,
  "build_isolation": true,
  "constraints": [],
  "locked_resolves": [
    {
      "locked_requirements": [
        {
          "artifacts": [
            {
              "algorithm": "sha256",
              "hash": "180e7d1fa1a5765cbff7b5c716e52fddddfab859dc8f625b0d563ace4b7a7ab3",
              "url": "https://files.pythonhosted.org/packages/15/ce/e3abf3fd04da28978eefb06ea906549f20f23f2ec6df8873ede6b62c8a8c/Cerberus-1.3.7-py3-none-any.whl"
            },
            {
              "algorithm": "sha256",
              "hash": "ecf249665400a0b7a9d5e4ee1ffc234fd5d003186d3e1904f70bc14038642c13",
              "url": "https://files.pythonhosted.org/packages/08/92/6d861524d97a2c4913816309ca12afe313b32c8efc3ec641de98b890834b/cerberus-1.3.7.tar.gz"
            }
          ],
          "project_name": "cerberus",
          "requires_dists": [
            "importlib-metadata; python_version < \"3.8\""
          ],
          "requires_python": ">=3.7",
          "version": "1.3.7"
        },
        {
          "artifacts": [
            {
              "algorithm": "sha256",
              "hash": "9deba5723312380e77435581c6bf4935c94cbfab9b1ed33ef8d238ea168eb760",
              "url": "https://files.pythonhosted.org/packages/2c/e1/e6716421ea10d38022b952c159d5161ca1193197fb744506875fbb87ea7b/iniconfig-2.1.0-py3-none-any.whl"
            },
            {
              "algorithm": "sha256",
              "hash": "3abbd2e30b36733fee78f9c7f7308f2d0050e88f0087fd25c2645f63c773e1c7",
              "url": "https://files.pythonhosted.org/packages/f2/97/ebf4da567aa6827c909642694d71c9fcf53e5b504f2d96afea02718862f3/iniconfig-2.1.0.tar.gz"
            }
          ],
          "project_name": "iniconfig",
          "requires_dists": [],
          "requires_python": ">=3.8",
          "version": "2.1.0"
        },
        {
          "artifacts": [
            {
              "algorithm": "sha256",
              "hash": "29572ef2b1f17581046b3a2227d5c611fb25ec70ca1ba8554b24b0e69331a484",
              "url": "https://files.pythonhosted.org/packages/20/12/38679034af332785aac8774540895e234f4d07f7545804097de4b666afd8/packaging-25.0-py3-none-any.whl"
            },
            {
              "algorithm": "sha256",
              "hash": "d443872c98d677bf60f6a1f2f8c1cb748e8fe762d2bf9d3148b5599295b0fc4f",
              "url": "https://files.pythonhosted.org/packages/a1/d4/1fc4078c65507b51b96ca8f8c3ba19e6a61c8253c72794544580a7b6c24d/packaging-25.0.tar.gz"
            }
          ],
          "project_name": "packaging",
          "requires_dists": [],
          "requires_python": ">=3.8",
          "version": "25.0"
        },
        {
          "artifacts": [
            {
              "algorithm": "sha256",
              "hash": "e920276dd6813095e9377c0bc5566d94c932c33b27a3e3945d8389c374dd4746",
              "url": "https://files.pythonhosted.org/packages/54/20/4d324d65cc6d9205fabedc306948156824eb9f0ee1633355a8f7ec5c66bf/pluggy-1.6.0-py3-none-any.whl"
            },
            {
              "algorithm": "sha256",
              "hash": "7dcc130b76258d33b90f61b658791dede3486c3e6bfb003ee5c9bfb396dd22f3",
              "url": "https://files.pythonhosted.org/packages/f9/e2/3e91f31a7d2b083fe6ef3fa267035b518369d9511ffab804f839851d2779/pluggy-1.6.0.tar.gz"
            }
          ],
          "project_name": "pluggy",
          "requires_dists": [
            "coverage; extra == \"testing\"",
            "pre-commit; extra == \"dev\"",
            "pytest-benchmark; extra == \"testing\"",
            "pytest; extra == \"testing\"",
            "tox; extra == \"dev\""
          ],
          "requires_python": ">=3.9",
          "version": "1.6.0"
        },
        {
          "artifacts": [
            {
              "algorithm": "sha256",
              "hash": "86540386c03d588bb81d44bc3928634ff26449851e99741617ecb9037ee5ec0b",
              "url": "https://files.pythonhosted.org/packages/c7/21/705964c7812476f378728bdf590ca4b771ec72385c533964653c68e86bdc/pygments-2.19.2-py3-none-any.whl"
            },
            {
              "algorithm": "sha256",
              "hash": "636cb2477cec7f8952536970bc533bc43743542f70392ae026374600add5b887",
              "url": "https://files.pythonhosted.org/packages/b0/77/a5b8c569bf593b0140bde72ea885a803b82086995367bf2037de0159d924/pygments-2.19.2.tar.gz"
            }
          ],
          "project_name": "pygments",
          "requires_dists": [
            "colorama>=0.4.6; extra == \"windows-terminal\""
          ],
          "requires_python": ">=3.8",
          "version": "2.19.2"
        },
        {
          "artifacts": [
            {
              "algorithm": "sha256",
              "hash": "539c70ba6fcead8e78eebbf1115e8b589e7565830d7d006a8723f19ac8a0afb7",
              "url": "https://files.pythonhosted.org/packages/29/16/c8a903f4c4dffe7a12843191437d7cd8e32751d5de349d45d3fe69544e87/pytest-8.4.1-py3-none-any.whl"
            },
            {
              "algorithm": "sha256",
              "hash": "7c67fd69174877359ed9371ec3af8a3d2b04741818c51e5e99cc1742251fa93c",
              "url": "https://files.pythonhosted.org/packages/08/ba/45911d754e8eba3d5a841a5ce61a65a685ff1798421ac054f85aa8747dfb/pytest-8.4.1.tar.gz"
            }
          ],
          "project_name": "pytest",
          "requires_dists": [
            "argcomplete; extra == \"dev\"",
            "attrs>=19.2; extra == \"dev\"",
            "colorama>=0.4; sys_platform == \"win32\"",
            "exceptiongroup>=1; python_version < \"3.11\"",
            "hypothesis>=3.56; extra == \"dev\"",
            "iniconfig>=1",
            "mock; extra == \"dev\"",
            "packaging>=20",
            "pluggy<2,>=1.5",
            "pygments>=2.7.2",
            "requests; extra == \"dev\"",
            "setuptools; extra == \"dev\"",
            "tomli>=1; python_version < \"3.11\"",
            "xmlschema; extra == \"dev\""
          ],
          "requires_python": ">=3.9",
          "version": "8.4.1"
        },
        {
          "artifacts": [
            {
              "algorithm": "sha256",
              "hash": "a8b2bc7bffae282281c8140a97d3aa9c14da0b136dfe83f850eea9a5f7470427",
              "url": "https://files.pythonhosted.org/packages/ec/57/56b9bcc3c9c6a792fcbaf139543cee77261f3651ca9da0c93f5c1221264b/python_dateutil-2.9.0.post0-py2.py3-none-any.whl"
            },
            {
              "algorithm": "sha256",
              "hash": "37dd54208da7e1cd875388217d5e00ebd4179249f90fb72437e91a35459a0ad3",
              "url": "https://files.pythonhosted.org/packages/66/c0/0c8b6ad9f17a802ee498c46e004a0eb49bc148f2fd230864601a86dcf6db/python-dateutil-2.9.0.post0.tar.gz"
            }
          ],
          "project_name": "python-dateutil",
          "requires_dists": [
            "six>=1.5"
          ],
          "requires_python": "!=3.0.*,!=3.1.*,!=3.2.*,>=2.7",
          "version": "2.9.0.post0"
        },
        {
          "artifacts": [
            {
              "algorithm": "sha256",
              "hash": "4721f391ed90541fddacab5acf947aa0d3dc7d27b2e1e8eda2be8970586c3274",
              "url": "https://files.pythonhosted.org/packages/b7/ce/149a00dd41f10bc29e5921b496af8b574d8413afcd5e30dfa0ed46c2cc5e/six-1.17.0-py2.py3-none-any.whl"
            },
            {
              "algorithm": "sha256",
              "hash": "ff70335d468e7eb6ec65b95b99d3a2836546063f63acc5171de367e834932a81",
              "url": "https://files.pythonhosted.org/packages/94/e7/b2c673351809dca68a0e064b6af791aa332cf192da575fd474ed7d6f16a2/six-1.17.0.tar.gz"
            }
          ],
          "project_name": "six",
          "requires_dists": [],
          "requires_python": "!=3.0.*,!=3.1.*,!=3.2.*,>=2.7",
          "version": "1.17.0"
        },
        {
          "artifacts": [
            {
              "algorithm": "sha256",
              "hash": "768890cac4f2d7fd9e0feb6f3217fce2abbfdfc0cadd38d11fba325a815e4b9f",
              "url": "https://files.pythonhosted.org/packages/43/5e/67312e679f612218d07fcdbd14017e6d571ce240a5ba1ad734f15a8523cc/types_python_dateutil-2.9.0.20250809-py3-none-any.whl"
            },
            {
              "algorithm": "sha256",
              "hash": "69cbf8d15ef7a75c3801d65d63466e46ac25a0baa678d89d0a137fc31a608cc1",
              "url": "https://files.pythonhosted.org/packages/a3/53/07dac71db45fb6b3c71c2fd29a87cada2239eac7ecfb318e6ebc7da00a3b/types_python_dateutil-2.9.0.20250809.tar.gz"
            }
          ],
          "project_name": "types-python-dateutil",
          "requires_dists": [],
          "requires_python": ">=3.9",
          "version": "2.9.0.20250809"
        }
      ],
      "platform_tag": null
    }
  ],
  "only_builds": [],
  "only_wheels": [],
  "path_mappings": {},
  "pex_version": "2.3.1",
  "pip_version": "24.0",
  "prefer_older_binary": false,
  "requirements": [
    "cerberus>=1.3.5",
    "pytest>=7.2.0",
    "python-dateutil>=2.9.0",
    "types-python-dateutil>=2.9.0.20240316"
  ],
  "requires_python": [
    "==3.11.*"
  ],
  "resolver_version": "pip-2020-resolver",
  "style": "universal",
  "target_systems": [
    "linux",
    "mac"
  ],
  "transitive": true,
  "use_pep517": null
}
